{
  "object": {
    "pins": [
      {
        "package": "Funswift",
        "repositoryURL": "https://github.com/konrad1977/funswift.git",
        "state": {
          "branch": "main",
          "revision": "ce63cde48ec1742bac57a1c5502c4f59c6f7a0e7",
          "version": null
        }
      }
    ]
  },
  "version": 1
}
