{
  "object": {
    "pins": [
      {
        "package": "Funswift",
        "repositoryURL": "https://github.com/konrad1977/funswift.git",
        "state": {
          "branch": "main",
          "revision": "b219f2716a455c5e24701f4136b76015088713d4",
          "version": null
        }
      }
    ]
  },
  "version": 1
}
