{
  "object": {
    "pins": [
      {
        "package": "Funswift",
        "repositoryURL": "https://github.com/konrad1977/funswift.git",
        "state": {
          "branch": "main",
          "revision": "7340ded465d62750cebaa70f8cf5403f510726e1",
          "version": null
        }
      }
    ]
  },
  "version": 1
}
